name: Run Sherlock

on:
  workflow_dispatch:
    inputs:
      username:
        description: 'Username to search with Sherlock'
        required: true
        type: string

jobs:
  sherlock-search:
    runs-on: ubuntu-latest

    steps:
      - name: Checkout this repo
        uses: actions/checkout@v3

      - name: Install dependencies
        run: |
          sudo apt update
          sudo apt install -y python3 python3-pip git
          git clone https://github.com/sherlock-project/sherlock.git
          cd sherlock
          pip3 install -r requirements.txt

      - name: Run Sherlock
        run: |
          cd sherlock
          python3 sherlock "${{ github.event.inputs.username }}" --print-found

      - name: Save & upload results
        uses: actions/upload-artifact@v3
        with:
          name: sherlock-results
          path: sherlock/results/*
